# This file is automatically @generated by Cargo.
# It is not intended for manual editing.
version = 4

[[package]]
name = "is_prime"
version = "0.1.0"
dependencies = [
 "miden",
]

[[package]]
name = "miden"
version = "0.0.8"
source = "git+https://github.com/0xPolygonMiden/compiler#9c73ab9826d4812686527c3834bb096649f45671"
dependencies = [
 "miden-base-sys",
 "miden-sdk-alloc",
 "miden-stdlib-sys",
]

[[package]]
name = "miden-base-sys"
version = "0.0.8"
source = "git+https://github.com/0xPolygonMiden/compiler#9c73ab9826d4812686527c3834bb096649f45671"
dependencies = [
 "miden-stdlib-sys",
]

[[package]]
name = "miden-sdk-alloc"
version = "0.0.8"
source = "git+https://github.com/0xPolygonMiden/compiler#9c73ab9826d4812686527c3834bb096649f45671"

[[package]]
name = "miden-stdlib-sys"
version = "0.0.8"
source = "git+https://github.com/0xPolygonMiden/compiler#9c73ab9826d4812686527c3834bb096649f45671"
